
Microsoft Visual Studio Solution File, Format Version 12.00
# Visual Studio 14
VisualStudioVersion = 14.0.24720.0
MinimumVisualStudioVersion = 10.0.40219.1
Project("{FAE04EC0-301F-11D3-BF4B-00C04F79EFBC}") = "testAlgo", "testAlgo\testAlgo.csproj", "{9965FB49-211B-4343-BAE4-7F621100E7A6}"
EndProject
Project("{FAE04EC0-301F-11D3-BF4B-00C04F79EFBC}") = "testAlgoTests", "testAlgoTests\testAlgoTests.csproj", "{4301307F-5CC1-4445-9BBC-1122552E74EE}"
EndProject
Global
	GlobalSection(SolutionConfigurationPlatforms) = preSolution
		Debug|Any CPU = Debug|Any CPU
		Release|Any CPU = Release|Any CPU
	EndGlobalSection
	GlobalSection(ProjectConfigurationPlatforms) = postSolution
		{9965FB49-211B-4343-BAE4-7F621100E7A6}.Debug|Any CPU.ActiveCfg = Debug|Any CPU
		{9965FB49-211B-4343-BAE4-7F621100E7A6}.Debug|Any CPU.Build.0 = Debug|Any CPU
		{9965FB49-211B-4343-BAE4-7F621100E7A6}.Release|Any CPU.ActiveCfg = Release|Any CPU
		{9965FB49-211B-4343-BAE4-7F621100E7A6}.Release|Any CPU.Build.0 = Release|Any CPU
		{4301307F-5CC1-4445-9BBC-1122552E74EE}.Debug|Any CPU.ActiveCfg = Debug|Any CPU
		{4301307F-5CC1-4445-9BBC-1122552E74EE}.Debug|Any CPU.Build.0 = Debug|Any CPU
		{4301307F-5CC1-4445-9BBC-1122552E74EE}.Release|Any CPU.ActiveCfg = Release|Any CPU
		{4301307F-5CC1-4445-9BBC-1122552E74EE}.Release|Any CPU.Build.0 = Release|Any CPU
	EndGlobalSection
	GlobalSection(SolutionProperties) = preSolution
		HideSolutionNode = FALSE
	EndGlobalSection
EndGlobal
